
Microsoft Visual Studio Solution File, Format Version 12.00
# Visual Studio Version 17
VisualStudioVersion = 17.5.33424.131
MinimumVisualStudioVersion = 10.0.40219.1
Project("{9A19103F-16F7-4668-BE54-9A1E7A4F7556}") = "FTP_DOWNLOADER", "FTP_DOWNLOADER.csproj", "{F29F38CA-9B09-4438-BEEF-7EC317268ED2}"
EndProject
Global
	GlobalSection(SolutionConfigurationPlatforms) = preSolution
		Debug|Any CPU = Debug|Any CPU
		Release|Any CPU = Release|Any CPU
	EndGlobalSection
	GlobalSection(ProjectConfigurationPlatforms) = postSolution
		{F29F38CA-9B09-4438-BEEF-7EC317268ED2}.Debug|Any CPU.ActiveCfg = Debug|Any CPU
		{F29F38CA-9B09-4438-BEEF-7EC317268ED2}.Debug|Any CPU.Build.0 = Debug|Any CPU
		{F29F38CA-9B09-4438-BEEF-7EC317268ED2}.Release|Any CPU.ActiveCfg = Release|Any CPU
		{F29F38CA-9B09-4438-BEEF-7EC317268ED2}.Release|Any CPU.Build.0 = Release|Any CPU
	EndGlobalSection
	GlobalSection(SolutionProperties) = preSolution
		HideSolutionNode = FALSE
	EndGlobalSection
	GlobalSection(ExtensibilityGlobals) = postSolution
		SolutionGuid = {4EA67F44-C489-42A9-8B9D-499CBD104159}
	EndGlobalSection
EndGlobal
